
Microsoft Visual Studio Solution File, Format Version 12.00
# Visual Studio 15
VisualStudioVersion = 15.0.28307.489
MinimumVisualStudioVersion = 10.0.40219.1
Project("{FAE04EC0-301F-11D3-BF4B-00C04F79EFBC}") = "Diassoft.DataAccess", "Diassoft.DataAccess\Diassoft.DataAccess.csproj", "{D8D30F4D-E540-4C24-8739-AE20A1334342}"
EndProject
Project("{2150E333-8FDC-42A3-9474-1A3956D46DE8}") = "Solution Items", "Solution Items", "{97E50D34-D2EE-4EC7-BE2A-6E81C60D5B1F}"
	ProjectSection(SolutionItems) = preProject
		README.MD = README.MD
	EndProjectSection
EndProject
Global
	GlobalSection(SolutionConfigurationPlatforms) = preSolution
		Debug|Any CPU = Debug|Any CPU
		Release|Any CPU = Release|Any CPU
	EndGlobalSection
	GlobalSection(ProjectConfigurationPlatforms) = postSolution
		{D8D30F4D-E540-4C24-8739-AE20A1334342}.Debug|Any CPU.ActiveCfg = Debug|Any CPU
		{D8D30F4D-E540-4C24-8739-AE20A1334342}.Debug|Any CPU.Build.0 = Debug|Any CPU
		{D8D30F4D-E540-4C24-8739-AE20A1334342}.Release|Any CPU.ActiveCfg = Release|Any CPU
		{D8D30F4D-E540-4C24-8739-AE20A1334342}.Release|Any CPU.Build.0 = Release|Any CPU
	EndGlobalSection
	GlobalSection(SolutionProperties) = preSolution
		HideSolutionNode = FALSE
	EndGlobalSection
	GlobalSection(ExtensibilityGlobals) = postSolution
		SolutionGuid = {6FC7A1C7-571D-4BB8-9565-62467CD8C5DB}
	EndGlobalSection
EndGlobal
